
Microsoft Visual Studio Solution File, Format Version 12.00
# Visual Studio Version 17
VisualStudioVersion = 17.4.33403.182
MinimumVisualStudioVersion = 10.0.40219.1
Project("{FAE04EC0-301F-11D3-BF4B-00C04F79EFBC}") = "BeatSpeedrun", "BeatSpeedrun\BeatSpeedrun.csproj", "{18646CC9-3114-4209-903B-15725C0AB36D}"
EndProject
Global
	GlobalSection(SolutionConfigurationPlatforms) = preSolution
		Debug|Any CPU = Debug|Any CPU
		Release|Any CPU = Release|Any CPU
	EndGlobalSection
	GlobalSection(ProjectConfigurationPlatforms) = postSolution
		{18646CC9-3114-4209-903B-15725C0AB36D}.Debug|Any CPU.ActiveCfg = Debug|Any CPU
		{18646CC9-3114-4209-903B-15725C0AB36D}.Debug|Any CPU.Build.0 = Debug|Any CPU
		{18646CC9-3114-4209-903B-15725C0AB36D}.Release|Any CPU.ActiveCfg = Release|Any CPU
		{18646CC9-3114-4209-903B-15725C0AB36D}.Release|Any CPU.Build.0 = Release|Any CPU
	EndGlobalSection
	GlobalSection(SolutionProperties) = preSolution
		HideSolutionNode = FALSE
	EndGlobalSection
	GlobalSection(ExtensibilityGlobals) = postSolution
		SolutionGuid = {589B20F8-B111-467B-B537-15CD1B0CE21E}
	EndGlobalSection
EndGlobal
